
Microsoft Visual Studio Solution File, Format Version 12.00
Project("{FAE04EC0-301F-11D3-BF4B-00C04F79EFBC}") = "HelloWorld", "HelloWorld\HelloWorld.csproj", "{58FFC449-7FF7-43CB-9C79-A872E6C3C8CE}"
EndProject
Project("{FAE04EC0-301F-11D3-BF4B-00C04F79EFBC}") = "Variables", "Variables\Variables.csproj", "{89BCE771-8D47-4373-B1F5-C441D676DE7A}"
EndProject
Project("{FAE04EC0-301F-11D3-BF4B-00C04F79EFBC}") = "operators", "operators\operators.csproj", "{1D4070E3-E0E2-41D3-892E-D1F154FAA26B}"
EndProject
Project("{FAE04EC0-301F-11D3-BF4B-00C04F79EFBC}") = "User-Input", "User-Input\User-Input.csproj", "{5671489A-5C6F-4F46-8BCA-1E517D3477BE}"
EndProject
Project("{FAE04EC0-301F-11D3-BF4B-00C04F79EFBC}") = "Boolean-Type-Logical-Negation-Equality-Comparison-And-Modulo-Operators", "Boolean-Type-Logical-Negation-Equality-Comparison-And-Modulo-Operators\Boolean-Type-Logical-Negation-Equality-Comparison-And-Modulo-Operators.csproj", "{E68EEB50-7BE6-4C17-BC93-A42E41D4C45A}"
EndProject
Project("{FAE04EC0-301F-11D3-BF4B-00C04F79EFBC}") = "AND---OR-Logical-Operators", "AND---OR-Logical-Operators\AND---OR-Logical-Operators.csproj", "{2367B4B4-A6FC-4651-904D-F21A90B118F5}"
EndProject
Project("{FAE04EC0-301F-11D3-BF4B-00C04F79EFBC}") = "if-else", "if-else\if-else.csproj", "{255D9FD8-FFBA-4476-B340-0B6CE250AEF4}"
EndProject
Project("{FAE04EC0-301F-11D3-BF4B-00C04F79EFBC}") = "Void-Methods", "Void-Methods\Void-Methods.csproj", "{98D333AB-0962-4E0F-A3CD-7707535A7A4A}"
EndProject
Project("{FAE04EC0-301F-11D3-BF4B-00C04F79EFBC}") = "Project_1-Simple-Calculator", "Project_1-Simple-Calculator\Project_1-Simple-Calculator.csproj", "{B23F2948-79ED-4BC1-8DA6-E1E4394FAEA6}"
EndProject
Project("{FAE04EC0-301F-11D3-BF4B-00C04F79EFBC}") = "Switch-Statement", "Switch-Statement\Switch-Statement.csproj", "{0D96DEB8-6A4B-4E7B-B4C1-93B791E3FEA6}"
EndProject
Project("{FAE04EC0-301F-11D3-BF4B-00C04F79EFBC}") = "While-Loop", "While-Loop\While-Loop.csproj", "{14C813E1-4CDB-4B53-B082-B1C943F6178A}"
EndProject
Project("{FAE04EC0-301F-11D3-BF4B-00C04F79EFBC}") = "For-Loop", "For-Loop\For-Loop.csproj", "{B03680F7-0B20-4B7C-8BFE-6376D9048DC9}"
EndProject
Project("{FAE04EC0-301F-11D3-BF4B-00C04F79EFBC}") = "Nested-Loops", "Nested-Loops\Nested-Loops.csproj", "{CC0CE82E-0981-40AB-86BF-85D7858533E6}"
EndProject
Project("{FAE04EC0-301F-11D3-BF4B-00C04F79EFBC}") = "Arrays", "Arrays\Arrays.csproj", "{45D3C38A-D345-4F7F-A244-6D345F04E4F0}"
EndProject
Global
	GlobalSection(SolutionConfigurationPlatforms) = preSolution
		Debug|Any CPU = Debug|Any CPU
		Release|Any CPU = Release|Any CPU
	EndGlobalSection
	GlobalSection(ProjectConfigurationPlatforms) = postSolution
		{58FFC449-7FF7-43CB-9C79-A872E6C3C8CE}.Debug|Any CPU.ActiveCfg = Debug|Any CPU
		{58FFC449-7FF7-43CB-9C79-A872E6C3C8CE}.Debug|Any CPU.Build.0 = Debug|Any CPU
		{58FFC449-7FF7-43CB-9C79-A872E6C3C8CE}.Release|Any CPU.ActiveCfg = Release|Any CPU
		{58FFC449-7FF7-43CB-9C79-A872E6C3C8CE}.Release|Any CPU.Build.0 = Release|Any CPU
		{89BCE771-8D47-4373-B1F5-C441D676DE7A}.Debug|Any CPU.ActiveCfg = Debug|Any CPU
		{89BCE771-8D47-4373-B1F5-C441D676DE7A}.Debug|Any CPU.Build.0 = Debug|Any CPU
		{89BCE771-8D47-4373-B1F5-C441D676DE7A}.Release|Any CPU.ActiveCfg = Release|Any CPU
		{89BCE771-8D47-4373-B1F5-C441D676DE7A}.Release|Any CPU.Build.0 = Release|Any CPU
		{1D4070E3-E0E2-41D3-892E-D1F154FAA26B}.Debug|Any CPU.ActiveCfg = Debug|Any CPU
		{1D4070E3-E0E2-41D3-892E-D1F154FAA26B}.Debug|Any CPU.Build.0 = Debug|Any CPU
		{1D4070E3-E0E2-41D3-892E-D1F154FAA26B}.Release|Any CPU.ActiveCfg = Release|Any CPU
		{1D4070E3-E0E2-41D3-892E-D1F154FAA26B}.Release|Any CPU.Build.0 = Release|Any CPU
		{5671489A-5C6F-4F46-8BCA-1E517D3477BE}.Debug|Any CPU.ActiveCfg = Debug|Any CPU
		{5671489A-5C6F-4F46-8BCA-1E517D3477BE}.Debug|Any CPU.Build.0 = Debug|Any CPU
		{5671489A-5C6F-4F46-8BCA-1E517D3477BE}.Release|Any CPU.ActiveCfg = Release|Any CPU
		{5671489A-5C6F-4F46-8BCA-1E517D3477BE}.Release|Any CPU.Build.0 = Release|Any CPU
		{E68EEB50-7BE6-4C17-BC93-A42E41D4C45A}.Debug|Any CPU.ActiveCfg = Debug|Any CPU
		{E68EEB50-7BE6-4C17-BC93-A42E41D4C45A}.Debug|Any CPU.Build.0 = Debug|Any CPU
		{E68EEB50-7BE6-4C17-BC93-A42E41D4C45A}.Release|Any CPU.ActiveCfg = Release|Any CPU
		{E68EEB50-7BE6-4C17-BC93-A42E41D4C45A}.Release|Any CPU.Build.0 = Release|Any CPU
		{2367B4B4-A6FC-4651-904D-F21A90B118F5}.Debug|Any CPU.ActiveCfg = Debug|Any CPU
		{2367B4B4-A6FC-4651-904D-F21A90B118F5}.Debug|Any CPU.Build.0 = Debug|Any CPU
		{2367B4B4-A6FC-4651-904D-F21A90B118F5}.Release|Any CPU.ActiveCfg = Release|Any CPU
		{2367B4B4-A6FC-4651-904D-F21A90B118F5}.Release|Any CPU.Build.0 = Release|Any CPU
		{255D9FD8-FFBA-4476-B340-0B6CE250AEF4}.Debug|Any CPU.ActiveCfg = Debug|Any CPU
		{255D9FD8-FFBA-4476-B340-0B6CE250AEF4}.Debug|Any CPU.Build.0 = Debug|Any CPU
		{255D9FD8-FFBA-4476-B340-0B6CE250AEF4}.Release|Any CPU.ActiveCfg = Release|Any CPU
		{255D9FD8-FFBA-4476-B340-0B6CE250AEF4}.Release|Any CPU.Build.0 = Release|Any CPU
		{98D333AB-0962-4E0F-A3CD-7707535A7A4A}.Debug|Any CPU.ActiveCfg = Debug|Any CPU
		{98D333AB-0962-4E0F-A3CD-7707535A7A4A}.Debug|Any CPU.Build.0 = Debug|Any CPU
		{98D333AB-0962-4E0F-A3CD-7707535A7A4A}.Release|Any CPU.ActiveCfg = Release|Any CPU
		{98D333AB-0962-4E0F-A3CD-7707535A7A4A}.Release|Any CPU.Build.0 = Release|Any CPU
		{B23F2948-79ED-4BC1-8DA6-E1E4394FAEA6}.Debug|Any CPU.ActiveCfg = Debug|Any CPU
		{B23F2948-79ED-4BC1-8DA6-E1E4394FAEA6}.Debug|Any CPU.Build.0 = Debug|Any CPU
		{B23F2948-79ED-4BC1-8DA6-E1E4394FAEA6}.Release|Any CPU.ActiveCfg = Release|Any CPU
		{B23F2948-79ED-4BC1-8DA6-E1E4394FAEA6}.Release|Any CPU.Build.0 = Release|Any CPU
		{0D96DEB8-6A4B-4E7B-B4C1-93B791E3FEA6}.Debug|Any CPU.ActiveCfg = Debug|Any CPU
		{0D96DEB8-6A4B-4E7B-B4C1-93B791E3FEA6}.Debug|Any CPU.Build.0 = Debug|Any CPU
		{0D96DEB8-6A4B-4E7B-B4C1-93B791E3FEA6}.Release|Any CPU.ActiveCfg = Release|Any CPU
		{0D96DEB8-6A4B-4E7B-B4C1-93B791E3FEA6}.Release|Any CPU.Build.0 = Release|Any CPU
		{14C813E1-4CDB-4B53-B082-B1C943F6178A}.Debug|Any CPU.ActiveCfg = Debug|Any CPU
		{14C813E1-4CDB-4B53-B082-B1C943F6178A}.Debug|Any CPU.Build.0 = Debug|Any CPU
		{14C813E1-4CDB-4B53-B082-B1C943F6178A}.Release|Any CPU.ActiveCfg = Release|Any CPU
		{14C813E1-4CDB-4B53-B082-B1C943F6178A}.Release|Any CPU.Build.0 = Release|Any CPU
		{B03680F7-0B20-4B7C-8BFE-6376D9048DC9}.Debug|Any CPU.ActiveCfg = Debug|Any CPU
		{B03680F7-0B20-4B7C-8BFE-6376D9048DC9}.Debug|Any CPU.Build.0 = Debug|Any CPU
		{B03680F7-0B20-4B7C-8BFE-6376D9048DC9}.Release|Any CPU.ActiveCfg = Release|Any CPU
		{B03680F7-0B20-4B7C-8BFE-6376D9048DC9}.Release|Any CPU.Build.0 = Release|Any CPU
		{CC0CE82E-0981-40AB-86BF-85D7858533E6}.Debug|Any CPU.ActiveCfg = Debug|Any CPU
		{CC0CE82E-0981-40AB-86BF-85D7858533E6}.Debug|Any CPU.Build.0 = Debug|Any CPU
		{CC0CE82E-0981-40AB-86BF-85D7858533E6}.Release|Any CPU.ActiveCfg = Release|Any CPU
		{CC0CE82E-0981-40AB-86BF-85D7858533E6}.Release|Any CPU.Build.0 = Release|Any CPU
		{45D3C38A-D345-4F7F-A244-6D345F04E4F0}.Debug|Any CPU.ActiveCfg = Debug|Any CPU
		{45D3C38A-D345-4F7F-A244-6D345F04E4F0}.Debug|Any CPU.Build.0 = Debug|Any CPU
		{45D3C38A-D345-4F7F-A244-6D345F04E4F0}.Release|Any CPU.ActiveCfg = Release|Any CPU
		{45D3C38A-D345-4F7F-A244-6D345F04E4F0}.Release|Any CPU.Build.0 = Release|Any CPU
	EndGlobalSection
EndGlobal
